// !$*UTF8*$!
{
	archiveVersion = 1;
	classes = {
	};
	objectVersion = 56;
	objects = {

/* Begin PBXBuildFile section */
		A834248D2A88C314009303D8 /* ActivityKitDemoApp.swift in Sources */ = {isa = PBXBuildFile; fileRef = A834248C2A88C314009303D8 /* ActivityKitDemoApp.swift */; };
		A834248F2A88C314009303D8 /* ContentView.swift in Sources */ = {isa = PBXBuildFile; fileRef = A834248E2A88C314009303D8 /* ContentView.swift */; };
		A83424912A88C316009303D8 /* Assets.xcassets in Resources */ = {isa = PBXBuildFile; fileRef = A83424902A88C316009303D8 /* Assets.xcassets */; };
		A83424942A88C316009303D8 /* Preview Assets.xcassets in Resources */ = {isa = PBXBuildFile; fileRef = A83424932A88C316009303D8 /* Preview Assets.xcassets */; };
		A834249E2A88C316009303D8 /* ActivityKitDemoTests.swift in Sources */ = {isa = PBXBuildFile; fileRef = A834249D2A88C316009303D8 /* ActivityKitDemoTests.swift */; };
		A83424A82A88C316009303D8 /* ActivityKitDemoUITests.swift in Sources */ = {isa = PBXBuildFile; fileRef = A83424A72A88C316009303D8 /* ActivityKitDemoUITests.swift */; };
		A83424AA2A88C316009303D8 /* ActivityKitDemoUITestsLaunchTests.swift in Sources */ = {isa = PBXBuildFile; fileRef = A83424A92A88C316009303D8 /* ActivityKitDemoUITestsLaunchTests.swift */; };
		A83424BF2A88C88F009303D8 /* WidgetKit.framework in Frameworks */ = {isa = PBXBuildFile; fileRef = A83424BE2A88C88F009303D8 /* WidgetKit.framework */; };
		A83424C12A88C88F009303D8 /* SwiftUI.framework in Frameworks */ = {isa = PBXBuildFile; fileRef = A83424C02A88C88F009303D8 /* SwiftUI.framework */; };
		A83424C42A88C88F009303D8 /* LiveActivityWidgetBundle.swift in Sources */ = {isa = PBXBuildFile; fileRef = A83424C32A88C88F009303D8 /* LiveActivityWidgetBundle.swift */; };
		A83424C62A88C88F009303D8 /* LiveActivityWidgetLiveActivity.swift in Sources */ = {isa = PBXBuildFile; fileRef = A83424C52A88C88F009303D8 /* LiveActivityWidgetLiveActivity.swift */; };
		A83424CB2A88C890009303D8 /* Assets.xcassets in Resources */ = {isa = PBXBuildFile; fileRef = A83424CA2A88C890009303D8 /* Assets.xcassets */; };
		A83424CD2A88C890009303D8 /* LiveActivityWidget.intentdefinition in Sources */ = {isa = PBXBuildFile; fileRef = A83424C92A88C88F009303D8 /* LiveActivityWidget.intentdefinition */; };
		A83424CE2A88C890009303D8 /* LiveActivityWidget.intentdefinition in Sources */ = {isa = PBXBuildFile; fileRef = A83424C92A88C88F009303D8 /* LiveActivityWidget.intentdefinition */; };
		A83424D12A88C890009303D8 /* LiveActivityWidgetExtension.appex in Embed Foundation Extensions */ = {isa = PBXBuildFile; fileRef = A83424BC2A88C88F009303D8 /* LiveActivityWidgetExtension.appex */; settings = {ATTRIBUTES = (RemoveHeadersOnCopy, ); }; };
		A83424D82A88CC18009303D8 /* LiveActivityWidgetLiveActivity.swift in Sources */ = {isa = PBXBuildFile; fileRef = A83424C52A88C88F009303D8 /* LiveActivityWidgetLiveActivity.swift */; };
/* End PBXBuildFile section */

/* Begin PBXContainerItemProxy section */
		A834249A2A88C316009303D8 /* PBXContainerItemProxy */ = {
			isa = PBXContainerItemProxy;
			containerPortal = A83424812A88C314009303D8 /* Project object */;
			proxyType = 1;
			remoteGlobalIDString = A83424882A88C314009303D8;
			remoteInfo = ActivityKitDemo;
		};
		A83424A42A88C316009303D8 /* PBXContainerItemProxy */ = {
			isa = PBXContainerItemProxy;
			containerPortal = A83424812A88C314009303D8 /* Project object */;
			proxyType = 1;
			remoteGlobalIDString = A83424882A88C314009303D8;
			remoteInfo = ActivityKitDemo;
		};
		A83424CF2A88C890009303D8 /* PBXContainerItemProxy */ = {
			isa = PBXContainerItemProxy;
			containerPortal = A83424812A88C314009303D8 /* Project object */;
			proxyType = 1;
			remoteGlobalIDString = A83424BB2A88C88F009303D8;
			remoteInfo = LiveActivityWidgetExtension;
		};
/* End PBXContainerItemProxy section */

/* Begin PBXCopyFilesBuildPhase section */
		A83424D22A88C890009303D8 /* Embed Foundation Extensions */ = {
			isa = PBXCopyFilesBuildPhase;
			buildActionMask = 2147483647;
			dstPath = "";
			dstSubfolderSpec = 13;
			files = (
				A83424D12A88C890009303D8 /* LiveActivityWidgetExtension.appex in Embed Foundation Extensions */,
			);
			name = "Embed Foundation Extensions";
			runOnlyForDeploymentPostprocessing = 0;
		};
/* End PBXCopyFilesBuildPhase section */

/* Begin PBXFileReference section */
		A83424892A88C314009303D8 /* ActivityKitDemo.app */ = {isa = PBXFileReference; explicitFileType = wrapper.application; includeInIndex = 0; path = ActivityKitDemo.app; sourceTree = BUILT_PRODUCTS_DIR; };
		A834248C2A88C314009303D8 /* ActivityKitDemoApp.swift */ = {isa = PBXFileReference; lastKnownFileType = sourcecode.swift; path = ActivityKitDemoApp.swift; sourceTree = "<group>"; };
		A834248E2A88C314009303D8 /* ContentView.swift */ = {isa = PBXFileReference; lastKnownFileType = sourcecode.swift; path = ContentView.swift; sourceTree = "<group>"; };
		A83424902A88C316009303D8 /* Assets.xcassets */ = {isa = PBXFileReference; lastKnownFileType = folder.assetcatalog; path = Assets.xcassets; sourceTree = "<group>"; };
		A83424932A88C316009303D8 /* Preview Assets.xcassets */ = {isa = PBXFileReference; lastKnownFileType = folder.assetcatalog; path = "Preview Assets.xcassets"; sourceTree = "<group>"; };
		A83424992A88C316009303D8 /* ActivityKitDemoTests.xctest */ = {isa = PBXFileReference; explicitFileType = wrapper.cfbundle; includeInIndex = 0; path = ActivityKitDemoTests.xctest; sourceTree = BUILT_PRODUCTS_DIR; };
		A834249D2A88C316009303D8 /* ActivityKitDemoTests.swift */ = {isa = PBXFileReference; lastKnownFileType = sourcecode.swift; path = ActivityKitDemoTests.swift; sourceTree = "<group>"; };
		A83424A32A88C316009303D8 /* ActivityKitDemoUITests.xctest */ = {isa = PBXFileReference; explicitFileType = wrapper.cfbundle; includeInIndex = 0; path = ActivityKitDemoUITests.xctest; sourceTree = BUILT_PRODUCTS_DIR; };
		A83424A72A88C316009303D8 /* ActivityKitDemoUITests.swift */ = {isa = PBXFileReference; lastKnownFileType = sourcecode.swift; path = ActivityKitDemoUITests.swift; sourceTree = "<group>"; };
		A83424A92A88C316009303D8 /* ActivityKitDemoUITestsLaunchTests.swift */ = {isa = PBXFileReference; lastKnownFileType = sourcecode.swift; path = ActivityKitDemoUITestsLaunchTests.swift; sourceTree = "<group>"; };
		A83424BC2A88C88F009303D8 /* LiveActivityWidgetExtension.appex */ = {isa = PBXFileReference; explicitFileType = "wrapper.app-extension"; includeInIndex = 0; path = LiveActivityWidgetExtension.appex; sourceTree = BUILT_PRODUCTS_DIR; };
		A83424BE2A88C88F009303D8 /* WidgetKit.framework */ = {isa = PBXFileReference; lastKnownFileType = wrapper.framework; name = WidgetKit.framework; path = System/Library/Frameworks/WidgetKit.framework; sourceTree = SDKROOT; };
		A83424C02A88C88F009303D8 /* SwiftUI.framework */ = {isa = PBXFileReference; lastKnownFileType = wrapper.framework; name = SwiftUI.framework; path = System/Library/Frameworks/SwiftUI.framework; sourceTree = SDKROOT; };
		A83424C32A88C88F009303D8 /* LiveActivityWidgetBundle.swift */ = {isa = PBXFileReference; lastKnownFileType = sourcecode.swift; path = LiveActivityWidgetBundle.swift; sourceTree = "<group>"; };
		A83424C52A88C88F009303D8 /* LiveActivityWidgetLiveActivity.swift */ = {isa = PBXFileReference; lastKnownFileType = sourcecode.swift; path = LiveActivityWidgetLiveActivity.swift; sourceTree = "<group>"; };
		A83424C92A88C88F009303D8 /* LiveActivityWidget.intentdefinition */ = {isa = PBXFileReference; lastKnownFileType = file.intentdefinition; path = LiveActivityWidget.intentdefinition; sourceTree = "<group>"; };
		A83424CA2A88C890009303D8 /* Assets.xcassets */ = {isa = PBXFileReference; lastKnownFileType = folder.assetcatalog; path = Assets.xcassets; sourceTree = "<group>"; };
		A83424CC2A88C890009303D8 /* Info.plist */ = {isa = PBXFileReference; lastKnownFileType = text.plist.xml; path = Info.plist; sourceTree = "<group>"; };
/* End PBXFileReference section */

/* Begin PBXFrameworksBuildPhase section */
		A83424862A88C314009303D8 /* Frameworks */ = {
			isa = PBXFrameworksBuildPhase;
			buildActionMask = 2147483647;
			files = (
			);
			runOnlyForDeploymentPostprocessing = 0;
		};
		A83424962A88C316009303D8 /* Frameworks */ = {
			isa = PBXFrameworksBuildPhase;
			buildActionMask = 2147483647;
			files = (
			);
			runOnlyForDeploymentPostprocessing = 0;
		};
		A83424A02A88C316009303D8 /* Frameworks */ = {
			isa = PBXFrameworksBuildPhase;
			buildActionMask = 2147483647;
			files = (
			);
			runOnlyForDeploymentPostprocessing = 0;
		};
		A83424B92A88C88F009303D8 /* Frameworks */ = {
			isa = PBXFrameworksBuildPhase;
			buildActionMask = 2147483647;
			files = (
				A83424C12A88C88F009303D8 /* SwiftUI.framework in Frameworks */,
				A83424BF2A88C88F009303D8 /* WidgetKit.framework in Frameworks */,
			);
			runOnlyForDeploymentPostprocessing = 0;
		};
/* End PBXFrameworksBuildPhase section */

/* Begin PBXGroup section */
		A83424802A88C314009303D8 = {
			isa = PBXGroup;
			children = (
				A834248B2A88C314009303D8 /* ActivityKitDemo */,
				A834249C2A88C316009303D8 /* ActivityKitDemoTests */,
				A83424A62A88C316009303D8 /* ActivityKitDemoUITests */,
				A83424C22A88C88F009303D8 /* LiveActivityWidget */,
				A83424BD2A88C88F009303D8 /* Frameworks */,
				A834248A2A88C314009303D8 /* Products */,
			);
			sourceTree = "<group>";
		};
		A834248A2A88C314009303D8 /* Products */ = {
			isa = PBXGroup;
			children = (
				A83424892A88C314009303D8 /* ActivityKitDemo.app */,
				A83424992A88C316009303D8 /* ActivityKitDemoTests.xctest */,
				A83424A32A88C316009303D8 /* ActivityKitDemoUITests.xctest */,
				A83424BC2A88C88F009303D8 /* LiveActivityWidgetExtension.appex */,
			);
			name = Products;
			sourceTree = "<group>";
		};
		A834248B2A88C314009303D8 /* ActivityKitDemo */ = {
			isa = PBXGroup;
			children = (
				A834248C2A88C314009303D8 /* ActivityKitDemoApp.swift */,
				A834248E2A88C314009303D8 /* ContentView.swift */,
				A83424902A88C316009303D8 /* Assets.xcassets */,
				A83424922A88C316009303D8 /* Preview Content */,
			);
			path = ActivityKitDemo;
			sourceTree = "<group>";
		};
		A83424922A88C316009303D8 /* Preview Content */ = {
			isa = PBXGroup;
			children = (
				A83424932A88C316009303D8 /* Preview Assets.xcassets */,
			);
			path = "Preview Content";
			sourceTree = "<group>";
		};
		A834249C2A88C316009303D8 /* ActivityKitDemoTests */ = {
			isa = PBXGroup;
			children = (
				A834249D2A88C316009303D8 /* ActivityKitDemoTests.swift */,
			);
			path = ActivityKitDemoTests;
			sourceTree = "<group>";
		};
		A83424A62A88C316009303D8 /* ActivityKitDemoUITests */ = {
			isa = PBXGroup;
			children = (
				A83424A72A88C316009303D8 /* ActivityKitDemoUITests.swift */,
				A83424A92A88C316009303D8 /* ActivityKitDemoUITestsLaunchTests.swift */,
			);
			path = ActivityKitDemoUITests;
			sourceTree = "<group>";
		};
		A83424BD2A88C88F009303D8 /* Frameworks */ = {
			isa = PBXGroup;
			children = (
				A83424BE2A88C88F009303D8 /* WidgetKit.framework */,
				A83424C02A88C88F009303D8 /* SwiftUI.framework */,
			);
			name = Frameworks;
			sourceTree = "<group>";
		};
		A83424C22A88C88F009303D8 /* LiveActivityWidget */ = {
			isa = PBXGroup;
			children = (
				A83424C32A88C88F009303D8 /* LiveActivityWidgetBundle.swift */,
				A83424C52A88C88F009303D8 /* LiveActivityWidgetLiveActivity.swift */,
				A83424C92A88C88F009303D8 /* LiveActivityWidget.intentdefinition */,
				A83424CA2A88C890009303D8 /* Assets.xcassets */,
				A83424CC2A88C890009303D8 /* Info.plist */,
			);
			path = LiveActivityWidget;
			sourceTree = "<group>";
		};
/* End PBXGroup section */

/* Begin PBXNativeTarget section */
		A83424882A88C314009303D8 /* ActivityKitDemo */ = {
			isa = PBXNativeTarget;
			buildConfigurationList = A83424AD2A88C316009303D8 /* Build configuration list for PBXNativeTarget "ActivityKitDemo" */;
			buildPhases = (
				A83424852A88C314009303D8 /* Sources */,
				A83424862A88C314009303D8 /* Frameworks */,
				A83424872A88C314009303D8 /* Resources */,
				A83424D22A88C890009303D8 /* Embed Foundation Extensions */,
			);
			buildRules = (
			);
			dependencies = (
				A83424D02A88C890009303D8 /* PBXTargetDependency */,
			);
			name = ActivityKitDemo;
			productName = ActivityKitDemo;
			productReference = A83424892A88C314009303D8 /* ActivityKitDemo.app */;
			productType = "com.apple.product-type.application";
		};
		A83424982A88C316009303D8 /* ActivityKitDemoTests */ = {
			isa = PBXNativeTarget;
			buildConfigurationList = A83424B02A88C316009303D8 /* Build configuration list for PBXNativeTarget "ActivityKitDemoTests" */;
			buildPhases = (
				A83424952A88C316009303D8 /* Sources */,
				A83424962A88C316009303D8 /* Frameworks */,
				A83424972A88C316009303D8 /* Resources */,
			);
			buildRules = (
			);
			dependencies = (
				A834249B2A88C316009303D8 /* PBXTargetDependency */,
			);
			name = ActivityKitDemoTests;
			productName = ActivityKitDemoTests;
			productReference = A83424992A88C316009303D8 /* ActivityKitDemoTests.xctest */;
			productType = "com.apple.product-type.bundle.unit-test";
		};
		A83424A22A88C316009303D8 /* ActivityKitDemoUITests */ = {
			isa = PBXNativeTarget;
			buildConfigurationList = A83424B32A88C316009303D8 /* Build configuration list for PBXNativeTarget "ActivityKitDemoUITests" */;
			buildPhases = (
				A834249F2A88C316009303D8 /* Sources */,
				A83424A02A88C316009303D8 /* Frameworks */,
				A83424A12A88C316009303D8 /* Resources */,
			);
			buildRules = (
			);
			dependencies = (
				A83424A52A88C316009303D8 /* PBXTargetDependency */,
			);
			name = ActivityKitDemoUITests;
			productName = ActivityKitDemoUITests;
			productReference = A83424A32A88C316009303D8 /* ActivityKitDemoUITests.xctest */;
			productType = "com.apple.product-type.bundle.ui-testing";
		};
		A83424BB2A88C88F009303D8 /* LiveActivityWidgetExtension */ = {
			isa = PBXNativeTarget;
			buildConfigurationList = A83424D52A88C890009303D8 /* Build configuration list for PBXNativeTarget "LiveActivityWidgetExtension" */;
			buildPhases = (
				A83424B82A88C88F009303D8 /* Sources */,
				A83424B92A88C88F009303D8 /* Frameworks */,
				A83424BA2A88C88F009303D8 /* Resources */,
			);
			buildRules = (
			);
			dependencies = (
			);
			name = LiveActivityWidgetExtension;
			productName = LiveActivityWidgetExtension;
			productReference = A83424BC2A88C88F009303D8 /* LiveActivityWidgetExtension.appex */;
			productType = "com.apple.product-type.app-extension";
		};
/* End PBXNativeTarget section */

/* Begin PBXProject section */
		A83424812A88C314009303D8 /* Project object */ = {
			isa = PBXProject;
			attributes = {
				BuildIndependentTargetsInParallel = 1;
				LastSwiftUpdateCheck = 1420;
				LastUpgradeCheck = 1420;
				TargetAttributes = {
					A83424882A88C314009303D8 = {
						CreatedOnToolsVersion = 14.2;
					};
					A83424982A88C316009303D8 = {
						CreatedOnToolsVersion = 14.2;
						TestTargetID = A83424882A88C314009303D8;
					};
					A83424A22A88C316009303D8 = {
						CreatedOnToolsVersion = 14.2;
						TestTargetID = A83424882A88C314009303D8;
					};
					A83424BB2A88C88F009303D8 = {
						CreatedOnToolsVersion = 14.2;
					};
				};
			};
			buildConfigurationList = A83424842A88C314009303D8 /* Build configuration list for PBXProject "ActivityKitDemo" */;
			compatibilityVersion = "Xcode 14.0";
			developmentRegion = en;
			hasScannedForEncodings = 0;
			knownRegions = (
				en,
				Base,
			);
			mainGroup = A83424802A88C314009303D8;
			productRefGroup = A834248A2A88C314009303D8 /* Products */;
			projectDirPath = "";
			projectRoot = "";
			targets = (
				A83424882A88C314009303D8 /* ActivityKitDemo */,
				A83424982A88C316009303D8 /* ActivityKitDemoTests */,
				A83424A22A88C316009303D8 /* ActivityKitDemoUITests */,
				A83424BB2A88C88F009303D8 /* LiveActivityWidgetExtension */,
			);
		};
/* End PBXProject section */

/* Begin PBXResourcesBuildPhase section */
		A83424872A88C314009303D8 /* Resources */ = {
			isa = PBXResourcesBuildPhase;
			buildActionMask = 2147483647;
			files = (
				A83424942A88C316009303D8 /* Preview Assets.xcassets in Resources */,
				A83424912A88C316009303D8 /* Assets.xcassets in Resources */,
			);
			runOnlyForDeploymentPostprocessing = 0;
		};
		A83424972A88C316009303D8 /* Resources */ = {
			isa = PBXResourcesBuildPhase;
			buildActionMask = 2147483647;
			files = (
			);
			runOnlyForDeploymentPostprocessing = 0;
		};
		A83424A12A88C316009303D8 /* Resources */ = {
			isa = PBXResourcesBuildPhase;
			buildActionMask = 2147483647;
			files = (
			);
			runOnlyForDeploymentPostprocessing = 0;
		};
		A83424BA2A88C88F009303D8 /* Resources */ = {
			isa = PBXResourcesBuildPhase;
			buildActionMask = 2147483647;
			files = (
				A83424CB2A88C890009303D8 /* Assets.xcassets in Resources */,
			);
			runOnlyForDeploymentPostprocessing = 0;
		};
/* End PBXResourcesBuildPhase section */

/* Begin PBXSourcesBuildPhase section */
		A83424852A88C314009303D8 /* Sources */ = {
			isa = PBXSourcesBuildPhase;
			buildActionMask = 2147483647;
			files = (
				A834248F2A88C314009303D8 /* ContentView.swift in Sources */,
				A83424D82A88CC18009303D8 /* LiveActivityWidgetLiveActivity.swift in Sources */,
				A83424CE2A88C890009303D8 /* LiveActivityWidget.intentdefinition in Sources */,
				A834248D2A88C314009303D8 /* ActivityKitDemoApp.swift in Sources */,
			);
			runOnlyForDeploymentPostprocessing = 0;
		};
		A83424952A88C316009303D8 /* Sources */ = {
			isa = PBXSourcesBuildPhase;
			buildActionMask = 2147483647;
			files = (
				A834249E2A88C316009303D8 /* ActivityKitDemoTests.swift in Sources */,
			);
			runOnlyForDeploymentPostprocessing = 0;
		};
		A834249F2A88C316009303D8 /* Sources */ = {
			isa = PBXSourcesBuildPhase;
			buildActionMask = 2147483647;
			files = (
				A83424A82A88C316009303D8 /* ActivityKitDemoUITests.swift in Sources */,
				A83424AA2A88C316009303D8 /* ActivityKitDemoUITestsLaunchTests.swift in Sources */,
			);
			runOnlyForDeploymentPostprocessing = 0;
		};
		A83424B82A88C88F009303D8 /* Sources */ = {
			isa = PBXSourcesBuildPhase;
			buildActionMask = 2147483647;
			files = (
				A83424C42A88C88F009303D8 /* LiveActivityWidgetBundle.swift in Sources */,
				A83424CD2A88C890009303D8 /* LiveActivityWidget.intentdefinition in Sources */,
				A83424C62A88C88F009303D8 /* LiveActivityWidgetLiveActivity.swift in Sources */,
			);
			runOnlyForDeploymentPostprocessing = 0;
		};
/* End PBXSourcesBuildPhase section */

/* Begin PBXTargetDependency section */
		A834249B2A88C316009303D8 /* PBXTargetDependency */ = {
			isa = PBXTargetDependency;
			target = A83424882A88C314009303D8 /* ActivityKitDemo */;
			targetProxy = A834249A2A88C316009303D8 /* PBXContainerItemProxy */;
		};
		A83424A52A88C316009303D8 /* PBXTargetDependency */ = {
			isa = PBXTargetDependency;
			target = A83424882A88C314009303D8 /* ActivityKitDemo */;
			targetProxy = A83424A42A88C316009303D8 /* PBXContainerItemProxy */;
		};
		A83424D02A88C890009303D8 /* PBXTargetDependency */ = {
			isa = PBXTargetDependency;
			target = A83424BB2A88C88F009303D8 /* LiveActivityWidgetExtension */;
			targetProxy = A83424CF2A88C890009303D8 /* PBXContainerItemProxy */;
		};
/* End PBXTargetDependency section */

/* Begin XCBuildConfiguration section */
		A83424AB2A88C316009303D8 /* Debug */ = {
			isa = XCBuildConfiguration;
			buildSettings = {
				ALWAYS_SEARCH_USER_PATHS = NO;
				CLANG_ANALYZER_NONNULL = YES;
				CLANG_ANALYZER_NUMBER_OBJECT_CONVERSION = YES_AGGRESSIVE;
				CLANG_CXX_LANGUAGE_STANDARD = "gnu++20";
				CLANG_ENABLE_MODULES = YES;
				CLANG_ENABLE_OBJC_ARC = YES;
				CLANG_ENABLE_OBJC_WEAK = YES;
				CLANG_WARN_BLOCK_CAPTURE_AUTORELEASING = YES;
				CLANG_WARN_BOOL_CONVERSION = YES;
				CLANG_WARN_COMMA = YES;
				CLANG_WARN_CONSTANT_CONVERSION = YES;
				CLANG_WARN_DEPRECATED_OBJC_IMPLEMENTATIONS = YES;
				CLANG_WARN_DIRECT_OBJC_ISA_USAGE = YES_ERROR;
				CLANG_WARN_DOCUMENTATION_COMMENTS = YES;
				CLANG_WARN_EMPTY_BODY = YES;
				CLANG_WARN_ENUM_CONVERSION = YES;
				CLANG_WARN_INFINITE_RECURSION = YES;
				CLANG_WARN_INT_CONVERSION = YES;
				CLANG_WARN_NON_LITERAL_NULL_CONVERSION = YES;
				CLANG_WARN_OBJC_IMPLICIT_RETAIN_SELF = YES;
				CLANG_WARN_OBJC_LITERAL_CONVERSION = YES;
				CLANG_WARN_OBJC_ROOT_CLASS = YES_ERROR;
				CLANG_WARN_QUOTED_INCLUDE_IN_FRAMEWORK_HEADER = YES;
				CLANG_WARN_RANGE_LOOP_ANALYSIS = YES;
				CLANG_WARN_STRICT_PROTOTYPES = YES;
				CLANG_WARN_SUSPICIOUS_MOVE = YES;
				CLANG_WARN_UNGUARDED_AVAILABILITY = YES_AGGRESSIVE;
				CLANG_WARN_UNREACHABLE_CODE = YES;
				CLANG_WARN__DUPLICATE_METHOD_MATCH = YES;
				COPY_PHASE_STRIP = NO;
				DEBUG_INFORMATION_FORMAT = dwarf;
				ENABLE_STRICT_OBJC_MSGSEND = YES;
				ENABLE_TESTABILITY = YES;
				GCC_C_LANGUAGE_STANDARD = gnu11;
				GCC_DYNAMIC_NO_PIC = NO;
				GCC_NO_COMMON_BLOCKS = YES;
				GCC_OPTIMIZATION_LEVEL = 0;
				GCC_PREPROCESSOR_DEFINITIONS = (
					"DEBUG=1",
					"$(inherited)",
				);
				GCC_WARN_64_TO_32_BIT_CONVERSION = YES;
				GCC_WARN_ABOUT_RETURN_TYPE = YES_ERROR;
				GCC_WARN_UNDECLARED_SELECTOR = YES;
				GCC_WARN_UNINITIALIZED_AUTOS = YES_AGGRESSIVE;
				GCC_WARN_UNUSED_FUNCTION = YES;
				GCC_WARN_UNUSED_VARIABLE = YES;
				IPHONEOS_DEPLOYMENT_TARGET = 16.2;
				MTL_ENABLE_DEBUG_INFO = INCLUDE_SOURCE;
				MTL_FAST_MATH = YES;
				ONLY_ACTIVE_ARCH = YES;
				SDKROOT = iphoneos;
				SWIFT_ACTIVE_COMPILATION_CONDITIONS = DEBUG;
				SWIFT_OPTIMIZATION_LEVEL = "-Onone";
			};
			name = Debug;
		};
		A83424AC2A88C316009303D8 /* Release */ = {
			isa = XCBuildConfiguration;
			buildSettings = {
				ALWAYS_SEARCH_USER_PATHS = NO;
				CLANG_ANALYZER_NONNULL = YES;
				CLANG_ANALYZER_NUMBER_OBJECT_CONVERSION = YES_AGGRESSIVE;
				CLANG_CXX_LANGUAGE_STANDARD = "gnu++20";
				CLANG_ENABLE_MODULES = YES;
				CLANG_ENABLE_OBJC_ARC = YES;
				CLANG_ENABLE_OBJC_WEAK = YES;
				CLANG_WARN_BLOCK_CAPTURE_AUTORELEASING = YES;
				CLANG_WARN_BOOL_CONVERSION = YES;
				CLANG_WARN_COMMA = YES;
				CLANG_WARN_CONSTANT_CONVERSION = YES;
				CLANG_WARN_DEPRECATED_OBJC_IMPLEMENTATIONS = YES;
				CLANG_WARN_DIRECT_OBJC_ISA_USAGE = YES_ERROR;
				CLANG_WARN_DOCUMENTATION_COMMENTS = YES;
				CLANG_WARN_EMPTY_BODY = YES;
				CLANG_WARN_ENUM_CONVERSION = YES;
				CLANG_WARN_INFINITE_RECURSION = YES;
				CLANG_WARN_INT_CONVERSION = YES;
				CLANG_WARN_NON_LITERAL_NULL_CONVERSION = YES;
				CLANG_WARN_OBJC_IMPLICIT_RETAIN_SELF = YES;
				CLANG_WARN_OBJC_LITERAL_CONVERSION = YES;
				CLANG_WARN_OBJC_ROOT_CLASS = YES_ERROR;
				CLANG_WARN_QUOTED_INCLUDE_IN_FRAMEWORK_HEADER = YES;
				CLANG_WARN_RANGE_LOOP_ANALYSIS = YES;
				CLANG_WARN_STRICT_PROTOTYPES = YES;
				CLANG_WARN_SUSPICIOUS_MOVE = YES;
				CLANG_WARN_UNGUARDED_AVAILABILITY = YES_AGGRESSIVE;
				CLANG_WARN_UNREACHABLE_CODE = YES;
				CLANG_WARN__DUPLICATE_METHOD_MATCH = YES;
				COPY_PHASE_STRIP = NO;
				DEBUG_INFORMATION_FORMAT = "dwarf-with-dsym";
				ENABLE_NS_ASSERTIONS = NO;
				ENABLE_STRICT_OBJC_MSGSEND = YES;
				GCC_C_LANGUAGE_STANDARD = gnu11;
				GCC_NO_COMMON_BLOCKS = YES;
				GCC_WARN_64_TO_32_BIT_CONVERSION = YES;
				GCC_WARN_ABOUT_RETURN_TYPE = YES_ERROR;
				GCC_WARN_UNDECLARED_SELECTOR = YES;
				GCC_WARN_UNINITIALIZED_AUTOS = YES_AGGRESSIVE;
				GCC_WARN_UNUSED_FUNCTION = YES;
				GCC_WARN_UNUSED_VARIABLE = YES;
				IPHONEOS_DEPLOYMENT_TARGET = 16.2;
				MTL_ENABLE_DEBUG_INFO = NO;
				MTL_FAST_MATH = YES;
				SDKROOT = iphoneos;
				SWIFT_COMPILATION_MODE = wholemodule;
				SWIFT_OPTIMIZATION_LEVEL = "-O";
				VALIDATE_PRODUCT = YES;
			};
			name = Release;
		};
		A83424AE2A88C316009303D8 /* Debug */ = {
			isa = XCBuildConfiguration;
			buildSettings = {
				ALWAYS_EMBED_SWIFT_STANDARD_LIBRARIES = YES;
				ASSETCATALOG_COMPILER_APPICON_NAME = AppIcon;
				ASSETCATALOG_COMPILER_GLOBAL_ACCENT_COLOR_NAME = AccentColor;
				CODE_SIGN_STYLE = Automatic;
				CURRENT_PROJECT_VERSION = 1;
				DEVELOPMENT_ASSET_PATHS = "\"ActivityKitDemo/Preview Content\"";
				DEVELOPMENT_TEAM = ZKD6BWTF85;
				ENABLE_PREVIEWS = YES;
				GENERATE_INFOPLIST_FILE = YES;
				INFOPLIST_KEY_NSSupportsLiveActivities = YES;
				INFOPLIST_KEY_UIApplicationSceneManifest_Generation = YES;
				INFOPLIST_KEY_UIApplicationSupportsIndirectInputEvents = YES;
				INFOPLIST_KEY_UILaunchScreen_Generation = YES;
				INFOPLIST_KEY_UISupportedInterfaceOrientations_iPad = "UIInterfaceOrientationPortrait UIInterfaceOrientationPortraitUpsideDown UIInterfaceOrientationLandscapeLeft UIInterfaceOrientationLandscapeRight";
				INFOPLIST_KEY_UISupportedInterfaceOrientations_iPhone = "UIInterfaceOrientationPortrait UIInterfaceOrientationLandscapeLeft UIInterfaceOrientationLandscapeRight";
				LD_RUNPATH_SEARCH_PATHS = (
					"$(inherited)",
					"@executable_path/Frameworks",
				);
				MARKETING_VERSION = 1.0;
				PRODUCT_BUNDLE_IDENTIFIER = allenlee.ActivityKitDemo;
				PRODUCT_NAME = "$(TARGET_NAME)";
				SWIFT_EMIT_LOC_STRINGS = YES;
				SWIFT_VERSION = 5.0;
				TARGETED_DEVICE_FAMILY = "1,2";
			};
			name = Debug;
		};
		A83424AF2A88C316009303D8 /* Release */ = {
			isa = XCBuildConfiguration;
			buildSettings = {
				ALWAYS_EMBED_SWIFT_STANDARD_LIBRARIES = YES;
				ASSETCATALOG_COMPILER_APPICON_NAME = AppIcon;
				ASSETCATALOG_COMPILER_GLOBAL_ACCENT_COLOR_NAME = AccentColor;
				CODE_SIGN_STYLE = Automatic;
				CURRENT_PROJECT_VERSION = 1;
				DEVELOPMENT_ASSET_PATHS = "\"ActivityKitDemo/Preview Content\"";
				DEVELOPMENT_TEAM = ZKD6BWTF85;
				ENABLE_PREVIEWS = YES;
				GENERATE_INFOPLIST_FILE = YES;
				INFOPLIST_KEY_NSSupportsLiveActivities = YES;
				INFOPLIST_KEY_UIApplicationSceneManifest_Generation = YES;
				INFOPLIST_KEY_UIApplicationSupportsIndirectInputEvents = YES;
				INFOPLIST_KEY_UILaunchScreen_Generation = YES;
				INFOPLIST_KEY_UISupportedInterfaceOrientations_iPad = "UIInterfaceOrientationPortrait UIInterfaceOrientationPortraitUpsideDown UIInterfaceOrientationLandscapeLeft UIInterfaceOrientationLandscapeRight";
				INFOPLIST_KEY_UISupportedInterfaceOrientations_iPhone = "UIInterfaceOrientationPortrait UIInterfaceOrientationLandscapeLeft UIInterfaceOrientationLandscapeRight";
				LD_RUNPATH_SEARCH_PATHS = (
					"$(inherited)",
					"@executable_path/Frameworks",
				);
				MARKETING_VERSION = 1.0;
				PRODUCT_BUNDLE_IDENTIFIER = allenlee.ActivityKitDemo;
				PRODUCT_NAME = "$(TARGET_NAME)";
				SWIFT_EMIT_LOC_STRINGS = YES;
				SWIFT_VERSION = 5.0;
				TARGETED_DEVICE_FAMILY = "1,2";
			};
			name = Release;
		};
		A83424B12A88C316009303D8 /* Debug */ = {
			isa = XCBuildConfiguration;
			buildSettings = {
				ALWAYS_EMBED_SWIFT_STANDARD_LIBRARIES = YES;
				BUNDLE_LOADER = "$(TEST_HOST)";
				CODE_SIGN_STYLE = Automatic;
				CURRENT_PROJECT_VERSION = 1;
				DEVELOPMENT_TEAM = ZKD6BWTF85;
				GENERATE_INFOPLIST_FILE = YES;
				IPHONEOS_DEPLOYMENT_TARGET = 16.2;
				MARKETING_VERSION = 1.0;
				PRODUCT_BUNDLE_IDENTIFIER = allenlee.ActivityKitDemoTests;
				PRODUCT_NAME = "$(TARGET_NAME)";
				SWIFT_EMIT_LOC_STRINGS = NO;
				SWIFT_VERSION = 5.0;
				TARGETED_DEVICE_FAMILY = "1,2";
				TEST_HOST = "$(BUILT_PRODUCTS_DIR)/ActivityKitDemo.app/$(BUNDLE_EXECUTABLE_FOLDER_PATH)/ActivityKitDemo";
			};
			name = Debug;
		};
		A83424B22A88C316009303D8 /* Release */ = {
			isa = XCBuildConfiguration;
			buildSettings = {
				ALWAYS_EMBED_SWIFT_STANDARD_LIBRARIES = YES;
				BUNDLE_LOADER = "$(TEST_HOST)";
				CODE_SIGN_STYLE = Automatic;
				CURRENT_PROJECT_VERSION = 1;
				DEVELOPMENT_TEAM = ZKD6BWTF85;
				GENERATE_INFOPLIST_FILE = YES;
				IPHONEOS_DEPLOYMENT_TARGET = 16.2;
				MARKETING_VERSION = 1.0;
				PRODUCT_BUNDLE_IDENTIFIER = allenlee.ActivityKitDemoTests;
				PRODUCT_NAME = "$(TARGET_NAME)";
				SWIFT_EMIT_LOC_STRINGS = NO;
				SWIFT_VERSION = 5.0;
				TARGETED_DEVICE_FAMILY = "1,2";
				TEST_HOST = "$(BUILT_PRODUCTS_DIR)/ActivityKitDemo.app/$(BUNDLE_EXECUTABLE_FOLDER_PATH)/ActivityKitDemo";
			};
			name = Release;
		};
		A83424B42A88C316009303D8 /* Debug */ = {
			isa = XCBuildConfiguration;
			buildSettings = {
				ALWAYS_EMBED_SWIFT_STANDARD_LIBRARIES = YES;
				CODE_SIGN_STYLE = Automatic;
				CURRENT_PROJECT_VERSION = 1;
				DEVELOPMENT_TEAM = ZKD6BWTF85;
				GENERATE_INFOPLIST_FILE = YES;
				MARKETING_VERSION = 1.0;
				PRODUCT_BUNDLE_IDENTIFIER = allenlee.ActivityKitDemoUITests;
				PRODUCT_NAME = "$(TARGET_NAME)";
				SWIFT_EMIT_LOC_STRINGS = NO;
				SWIFT_VERSION = 5.0;
				TARGETED_DEVICE_FAMILY = "1,2";
				TEST_TARGET_NAME = ActivityKitDemo;
			};
			name = Debug;
		};
		A83424B52A88C316009303D8 /* Release */ = {
			isa = XCBuildConfiguration;
			buildSettings = {
				ALWAYS_EMBED_SWIFT_STANDARD_LIBRARIES = YES;
				CODE_SIGN_STYLE = Automatic;
				CURRENT_PROJECT_VERSION = 1;
				DEVELOPMENT_TEAM = ZKD6BWTF85;
				GENERATE_INFOPLIST_FILE = YES;
				MARKETING_VERSION = 1.0;
				PRODUCT_BUNDLE_IDENTIFIER = allenlee.ActivityKitDemoUITests;
				PRODUCT_NAME = "$(TARGET_NAME)";
				SWIFT_EMIT_LOC_STRINGS = NO;
				SWIFT_VERSION = 5.0;
				TARGETED_DEVICE_FAMILY = "1,2";
				TEST_TARGET_NAME = ActivityKitDemo;
			};
			name = Release;
		};
		A83424D32A88C890009303D8 /* Debug */ = {
			isa = XCBuildConfiguration;
			buildSettings = {
				ASSETCATALOG_COMPILER_GLOBAL_ACCENT_COLOR_NAME = AccentColor;
				ASSETCATALOG_COMPILER_WIDGET_BACKGROUND_COLOR_NAME = WidgetBackground;
				CODE_SIGN_STYLE = Automatic;
				CURRENT_PROJECT_VERSION = 1;
				DEVELOPMENT_TEAM = ZKD6BWTF85;
				GENERATE_INFOPLIST_FILE = YES;
				INFOPLIST_FILE = LiveActivityWidget/Info.plist;
				INFOPLIST_KEY_CFBundleDisplayName = LiveActivityWidget;
				INFOPLIST_KEY_NSHumanReadableCopyright = "";
				LD_RUNPATH_SEARCH_PATHS = (
					"$(inherited)",
					"@executable_path/Frameworks",
					"@executable_path/../../Frameworks",
				);
				MARKETING_VERSION = 1.0;
				PRODUCT_BUNDLE_IDENTIFIER = allenlee.ActivityKitDemo.LiveActivityWidget;
				PRODUCT_NAME = "$(TARGET_NAME)";
				SKIP_INSTALL = YES;
				SWIFT_EMIT_LOC_STRINGS = YES;
				SWIFT_VERSION = 5.0;
				TARGETED_DEVICE_FAMILY = "1,2";
			};
			name = Debug;
		};
		A83424D42A88C890009303D8 /* Release */ = {
			isa = XCBuildConfiguration;
			buildSettings = {
				ASSETCATALOG_COMPILER_GLOBAL_ACCENT_COLOR_NAME = AccentColor;
				ASSETCATALOG_COMPILER_WIDGET_BACKGROUND_COLOR_NAME = WidgetBackground;
				CODE_SIGN_STYLE = Automatic;
				CURRENT_PROJECT_VERSION = 1;
				DEVELOPMENT_TEAM = ZKD6BWTF85;
				GENERATE_INFOPLIST_FILE = YES;
				INFOPLIST_FILE = LiveActivityWidget/Info.plist;
				INFOPLIST_KEY_CFBundleDisplayName = LiveActivityWidget;
				INFOPLIST_KEY_NSHumanReadableCopyright = "";
				LD_RUNPATH_SEARCH_PATHS = (
					"$(inherited)",
					"@executable_path/Frameworks",
					"@executable_path/../../Frameworks",
				);
				MARKETING_VERSION = 1.0;
				PRODUCT_BUNDLE_IDENTIFIER = allenlee.ActivityKitDemo.LiveActivityWidget;
				PRODUCT_NAME = "$(TARGET_NAME)";
				SKIP_INSTALL = YES;
				SWIFT_EMIT_LOC_STRINGS = YES;
				SWIFT_VERSION = 5.0;
				TARGETED_DEVICE_FAMILY = "1,2";
			};
			name = Release;
		};
/* End XCBuildConfiguration section */

/* Begin XCConfigurationList section */
		A83424842A88C314009303D8 /* Build configuration list for PBXProject "ActivityKitDemo" */ = {
			isa = XCConfigurationList;
			buildConfigurations = (
				A83424AB2A88C316009303D8 /* Debug */,
				A83424AC2A88C316009303D8 /* Release */,
			);
			defaultConfigurationIsVisible = 0;
			defaultConfigurationName = Release;
		};
		A83424AD2A88C316009303D8 /* Build configuration list for PBXNativeTarget "ActivityKitDemo" */ = {
			isa = XCConfigurationList;
			buildConfigurations = (
				A83424AE2A88C316009303D8 /* Debug */,
				A83424AF2A88C316009303D8 /* Release */,
			);
			defaultConfigurationIsVisible = 0;
			defaultConfigurationName = Release;
		};
		A83424B02A88C316009303D8 /* Build configuration list for PBXNativeTarget "ActivityKitDemoTests" */ = {
			isa = XCConfigurationList;
			buildConfigurations = (
				A83424B12A88C316009303D8 /* Debug */,
				A83424B22A88C316009303D8 /* Release */,
			);
			defaultConfigurationIsVisible = 0;
			defaultConfigurationName = Release;
		};
		A83424B32A88C316009303D8 /* Build configuration list for PBXNativeTarget "ActivityKitDemoUITests" */ = {
			isa = XCConfigurationList;
			buildConfigurations = (
				A83424B42A88C316009303D8 /* Debug */,
				A83424B52A88C316009303D8 /* Release */,
			);
			defaultConfigurationIsVisible = 0;
			defaultConfigurationName = Release;
		};
		A83424D52A88C890009303D8 /* Build configuration list for PBXNativeTarget "LiveActivityWidgetExtension" */ = {
			isa = XCConfigurationList;
			buildConfigurations = (
				A83424D32A88C890009303D8 /* Debug */,
				A83424D42A88C890009303D8 /* Release */,
			);
			defaultConfigurationIsVisible = 0;
			defaultConfigurationName = Release;
		};
/* End XCConfigurationList section */
	};
	rootObject = A83424812A88C314009303D8 /* Project object */;
}
